// !$*UTF8*$!
{
	archiveVersion = 1;
	classes = {
	};
	objectVersion = 46;
	objects = {

/* Begin PBXBuildFile section */
		D5AD5F3C1CA905C000C645B5 /* main.m in Sources */ = {isa = PBXBuildFile; fileRef = D5AD5F3B1CA905C000C645B5 /* main.m */; };
		D5AD5F3F1CA905C000C645B5 /* AppDelegate.m in Sources */ = {isa = PBXBuildFile; fileRef = D5AD5F3E1CA905C000C645B5 /* AppDelegate.m */; };
		D5AD5F421CA905C000C645B5 /* ViewController.m in Sources */ = {isa = PBXBuildFile; fileRef = D5AD5F411CA905C000C645B5 /* ViewController.m */; };
		D5AD5F451CA905C000C645B5 /* Main.storyboard in Resources */ = {isa = PBXBuildFile; fileRef = D5AD5F431CA905C000C645B5 /* Main.storyboard */; };
		D5AD5F471CA905C000C645B5 /* Assets.xcassets in Resources */ = {isa = PBXBuildFile; fileRef = D5AD5F461CA905C000C645B5 /* Assets.xcassets */; };
		D5AD5F4A1CA905C000C645B5 /* LaunchScreen.storyboard in Resources */ = {isa = PBXBuildFile; fileRef = D5AD5F481CA905C000C645B5 /* LaunchScreen.storyboard */; };
		D5AD5F551CA905C000C645B5 /* _0160328002_Quartz2D_CaputureTests.m in Sources */ = {isa = PBXBuildFile; fileRef = D5AD5F541CA905C000C645B5 /* _0160328002_Quartz2D_CaputureTests.m */; };
		D5AD5F601CA905C000C645B5 /* _0160328002_Quartz2D_CaputureUITests.m in Sources */ = {isa = PBXBuildFile; fileRef = D5AD5F5F1CA905C000C645B5 /* _0160328002_Quartz2D_CaputureUITests.m */; };
/* End PBXBuildFile section */

/* Begin PBXContainerItemProxy section */
		D5AD5F511CA905C000C645B5 /* PBXContainerItemProxy */ = {
			isa = PBXContainerItemProxy;
			containerPortal = D5AD5F2F1CA905C000C645B5 /* Project object */;
			proxyType = 1;
			remoteGlobalIDString = D5AD5F361CA905C000C645B5;
			remoteInfo = "20160328002-Quartz2D-Caputure";
		};
		D5AD5F5C1CA905C000C645B5 /* PBXContainerItemProxy */ = {
			isa = PBXContainerItemProxy;
			containerPortal = D5AD5F2F1CA905C000C645B5 /* Project object */;
			proxyType = 1;
			remoteGlobalIDString = D5AD5F361CA905C000C645B5;
			remoteInfo = "20160328002-Quartz2D-Caputure";
		};
/* End PBXContainerItemProxy section */

/* Begin PBXFileReference section */
		D5AD5F371CA905C000C645B5 /* 20160328002-Quartz2D-Caputure.app */ = {isa = PBXFileReference; explicitFileType = wrapper.application; includeInIndex = 0; path = "20160328002-Quartz2D-Caputure.app"; sourceTree = BUILT_PRODUCTS_DIR; };
		D5AD5F3B1CA905C000C645B5 /* main.m */ = {isa = PBXFileReference; lastKnownFileType = sourcecode.c.objc; path = main.m; sourceTree = "<group>"; };
		D5AD5F3D1CA905C000C645B5 /* AppDelegate.h */ = {isa = PBXFileReference; lastKnownFileType = sourcecode.c.h; path = AppDelegate.h; sourceTree = "<group>"; };
		D5AD5F3E1CA905C000C645B5 /* AppDelegate.m */ = {isa = PBXFileReference; lastKnownFileType = sourcecode.c.objc; path = AppDelegate.m; sourceTree = "<group>"; };
		D5AD5F401CA905C000C645B5 /* ViewController.h */ = {isa = PBXFileReference; lastKnownFileType = sourcecode.c.h; path = ViewController.h; sourceTree = "<group>"; };
		D5AD5F411CA905C000C645B5 /* ViewController.m */ = {isa = PBXFileReference; lastKnownFileType = sourcecode.c.objc; path = ViewController.m; sourceTree = "<group>"; };
		D5AD5F441CA905C000C645B5 /* Base */ = {isa = PBXFileReference; lastKnownFileType = file.storyboard; name = Base; path = Base.lproj/Main.storyboard; sourceTree = "<group>"; };
		D5AD5F461CA905C000C645B5 /* Assets.xcassets */ = {isa = PBXFileReference; lastKnownFileType = folder.assetcatalog; path = Assets.xcassets; sourceTree = "<group>"; };
		D5AD5F491CA905C000C645B5 /* Base */ = {isa = PBXFileReference; lastKnownFileType = file.storyboard; name = Base; path = Base.lproj/LaunchScreen.storyboard; sourceTree = "<group>"; };
		D5AD5F4B1CA905C000C645B5 /* Info.plist */ = {isa = PBXFileReference; lastKnownFileType = text.plist.xml; path = Info.plist; sourceTree = "<group>"; };
		D5AD5F501CA905C000C645B5 /* 20160328002-Quartz2D-CaputureTests.xctest */ = {isa = PBXFileReference; explicitFileType = wrapper.cfbundle; includeInIndex = 0; path = "20160328002-Quartz2D-CaputureTests.xctest"; sourceTree = BUILT_PRODUCTS_DIR; };
		D5AD5F541CA905C000C645B5 /* _0160328002_Quartz2D_CaputureTests.m */ = {isa = PBXFileReference; lastKnownFileType = sourcecode.c.objc; path = _0160328002_Quartz2D_CaputureTests.m; sourceTree = "<group>"; };
		D5AD5F561CA905C000C645B5 /* Info.plist */ = {isa = PBXFileReference; lastKnownFileType = text.plist.xml; path = Info.plist; sourceTree = "<group>"; };
		D5AD5F5B1CA905C000C645B5 /* 20160328002-Quartz2D-CaputureUITests.xctest */ = {isa = PBXFileReference; explicitFileType = wrapper.cfbundle; includeInIndex = 0; path = "20160328002-Quartz2D-CaputureUITests.xctest"; sourceTree = BUILT_PRODUCTS_DIR; };
		D5AD5F5F1CA905C000C645B5 /* _0160328002_Quartz2D_CaputureUITests.m */ = {isa = PBXFileReference; lastKnownFileType = sourcecode.c.objc; path = _0160328002_Quartz2D_CaputureUITests.m; sourceTree = "<group>"; };
		D5AD5F611CA905C000C645B5 /* Info.plist */ = {isa = PBXFileReference; lastKnownFileType = text.plist.xml; path = Info.plist; sourceTree = "<group>"; };
/* End PBXFileReference section */

/* Begin PBXFrameworksBuildPhase section */
		D5AD5F341CA905C000C645B5 /* Frameworks */ = {
			isa = PBXFrameworksBuildPhase;
			buildActionMask = 2147483647;
			files = (
			);
			runOnlyForDeploymentPostprocessing = 0;
		};
		D5AD5F4D1CA905C000C645B5 /* Frameworks */ = {
			isa = PBXFrameworksBuildPhase;
			buildActionMask = 2147483647;
			files = (
			);
			runOnlyForDeploymentPostprocessing = 0;
		};
		D5AD5F581CA905C000C645B5 /* Frameworks */ = {
			isa = PBXFrameworksBuildPhase;
			buildActionMask = 2147483647;
			files = (
			);
			runOnlyForDeploymentPostprocessing = 0;
		};
/* End PBXFrameworksBuildPhase section */

/* Begin PBXGroup section */
		D5AD5F2E1CA905C000C645B5 = {
			isa = PBXGroup;
			children = (
				D5AD5F391CA905C000C645B5 /* 20160328002-Quartz2D-Caputure */,
				D5AD5F531CA905C000C645B5 /* 20160328002-Quartz2D-CaputureTests */,
				D5AD5F5E1CA905C000C645B5 /* 20160328002-Quartz2D-CaputureUITests */,
				D5AD5F381CA905C000C645B5 /* Products */,
			);
			sourceTree = "<group>";
		};
		D5AD5F381CA905C000C645B5 /* Products */ = {
			isa = PBXGroup;
			children = (
				D5AD5F371CA905C000C645B5 /* 20160328002-Quartz2D-Caputure.app */,
				D5AD5F501CA905C000C645B5 /* 20160328002-Quartz2D-CaputureTests.xctest */,
				D5AD5F5B1CA905C000C645B5 /* 20160328002-Quartz2D-CaputureUITests.xctest */,
			);
			name = Products;
			sourceTree = "<group>";
		};
		D5AD5F391CA905C000C645B5 /* 20160328002-Quartz2D-Caputure */ = {
			isa = PBXGroup;
			children = (
				D5AD5F3D1CA905C000C645B5 /* AppDelegate.h */,
				D5AD5F3E1CA905C000C645B5 /* AppDelegate.m */,
				D5AD5F401CA905C000C645B5 /* ViewController.h */,
				D5AD5F411CA905C000C645B5 /* ViewController.m */,
				D5AD5F431CA905C000C645B5 /* Main.storyboard */,
				D5AD5F461CA905C000C645B5 /* Assets.xcassets */,
				D5AD5F481CA905C000C645B5 /* LaunchScreen.storyboard */,
				D5AD5F4B1CA905C000C645B5 /* Info.plist */,
				D5AD5F3A1CA905C000C645B5 /* Supporting Files */,
			);
			path = "20160328002-Quartz2D-Caputure";
			sourceTree = "<group>";
		};
		D5AD5F3A1CA905C000C645B5 /* Supporting Files */ = {
			isa = PBXGroup;
			children = (
				D5AD5F3B1CA905C000C645B5 /* main.m */,
			);
			name = "Supporting Files";
			sourceTree = "<group>";
		};
		D5AD5F531CA905C000C645B5 /* 20160328002-Quartz2D-CaputureTests */ = {
			isa = PBXGroup;
			children = (
				D5AD5F541CA905C000C645B5 /* _0160328002_Quartz2D_CaputureTests.m */,
				D5AD5F561CA905C000C645B5 /* Info.plist */,
			);
			path = "20160328002-Quartz2D-CaputureTests";
			sourceTree = "<group>";
		};
		D5AD5F5E1CA905C000C645B5 /* 20160328002-Quartz2D-CaputureUITests */ = {
			isa = PBXGroup;
			children = (
				D5AD5F5F1CA905C000C645B5 /* _0160328002_Quartz2D_CaputureUITests.m */,
				D5AD5F611CA905C000C645B5 /* Info.plist */,
			);
			path = "20160328002-Quartz2D-CaputureUITests";
			sourceTree = "<group>";
		};
/* End PBXGroup section */

/* Begin PBXNativeTarget section */
		D5AD5F361CA905C000C645B5 /* 20160328002-Quartz2D-Caputure */ = {
			isa = PBXNativeTarget;
			buildConfigurationList = D5AD5F641CA905C000C645B5 /* Build configuration list for PBXNativeTarget "20160328002-Quartz2D-Caputure" */;
			buildPhases = (
				D5AD5F331CA905C000C645B5 /* Sources */,
				D5AD5F341CA905C000C645B5 /* Frameworks */,
				D5AD5F351CA905C000C645B5 /* Resources */,
			);
			buildRules = (
			);
			dependencies = (
			);
			name = "20160328002-Quartz2D-Caputure";
			productName = "20160328002-Quartz2D-Caputure";
			productReference = D5AD5F371CA905C000C645B5 /* 20160328002-Quartz2D-Caputure.app */;
			productType = "com.apple.product-type.application";
		};
		D5AD5F4F1CA905C000C645B5 /* 20160328002-Quartz2D-CaputureTests */ = {
			isa = PBXNativeTarget;
			buildConfigurationList = D5AD5F671CA905C000C645B5 /* Build configuration list for PBXNativeTarget "20160328002-Quartz2D-CaputureTests" */;
			buildPhases = (
				D5AD5F4C1CA905C000C645B5 /* Sources */,
				D5AD5F4D1CA905C000C645B5 /* Frameworks */,
				D5AD5F4E1CA905C000C645B5 /* Resources */,
			);
			buildRules = (
			);
			dependencies = (
				D5AD5F521CA905C000C645B5 /* PBXTargetDependency */,
			);
			name = "20160328002-Quartz2D-CaputureTests";
			productName = "20160328002-Quartz2D-CaputureTests";
			productReference = D5AD5F501CA905C000C645B5 /* 20160328002-Quartz2D-CaputureTests.xctest */;
			productType = "com.apple.product-type.bundle.unit-test";
		};
		D5AD5F5A1CA905C000C645B5 /* 20160328002-Quartz2D-CaputureUITests */ = {
			isa = PBXNativeTarget;
			buildConfigurationList = D5AD5F6A1CA905C000C645B5 /* Build configuration list for PBXNativeTarget "20160328002-Quartz2D-CaputureUITests" */;
			buildPhases = (
				D5AD5F571CA905C000C645B5 /* Sources */,
				D5AD5F581CA905C000C645B5 /* Frameworks */,
				D5AD5F591CA905C000C645B5 /* Resources */,
			);
			buildRules = (
			);
			dependencies = (
				D5AD5F5D1CA905C000C645B5 /* PBXTargetDependency */,
			);
			name = "20160328002-Quartz2D-CaputureUITests";
			productName = "20160328002-Quartz2D-CaputureUITests";
			productReference = D5AD5F5B1CA905C000C645B5 /* 20160328002-Quartz2D-CaputureUITests.xctest */;
			productType = "com.apple.product-type.bundle.ui-testing";
		};
/* End PBXNativeTarget section */

/* Begin PBXProject section */
		D5AD5F2F1CA905C000C645B5 /* Project object */ = {
			isa = PBXProject;
			attributes = {
				LastUpgradeCheck = 0730;
				ORGANIZATIONNAME = Rainer;
				TargetAttributes = {
					D5AD5F361CA905C000C645B5 = {
						CreatedOnToolsVersion = 7.3;
					};
					D5AD5F4F1CA905C000C645B5 = {
						CreatedOnToolsVersion = 7.3;
						TestTargetID = D5AD5F361CA905C000C645B5;
					};
					D5AD5F5A1CA905C000C645B5 = {
						CreatedOnToolsVersion = 7.3;
						TestTargetID = D5AD5F361CA905C000C645B5;
					};
				};
			};
			buildConfigurationList = D5AD5F321CA905C000C645B5 /* Build configuration list for PBXProject "20160328002-Quartz2D-Caputure" */;
			compatibilityVersion = "Xcode 3.2";
			developmentRegion = English;
			hasScannedForEncodings = 0;
			knownRegions = (
				en,
				Base,
			);
			mainGroup = D5AD5F2E1CA905C000C645B5;
			productRefGroup = D5AD5F381CA905C000C645B5 /* Products */;
			projectDirPath = "";
			projectRoot = "";
			targets = (
				D5AD5F361CA905C000C645B5 /* 20160328002-Quartz2D-Caputure */,
				D5AD5F4F1CA905C000C645B5 /* 20160328002-Quartz2D-CaputureTests */,
				D5AD5F5A1CA905C000C645B5 /* 20160328002-Quartz2D-CaputureUITests */,
			);
		};
/* End PBXProject section */

/* Begin PBXResourcesBuildPhase section */
		D5AD5F351CA905C000C645B5 /* Resources */ = {
			isa = PBXResourcesBuildPhase;
			buildActionMask = 2147483647;
			files = (
				D5AD5F4A1CA905C000C645B5 /* LaunchScreen.storyboard in Resources */,
				D5AD5F471CA905C000C645B5 /* Assets.xcassets in Resources */,
				D5AD5F451CA905C000C645B5 /* Main.storyboard in Resources */,
			);
			runOnlyForDeploymentPostprocessing = 0;
		};
		D5AD5F4E1CA905C000C645B5 /* Resources */ = {
			isa = PBXResourcesBuildPhase;
			buildActionMask = 2147483647;
			files = (
			);
			runOnlyForDeploymentPostprocessing = 0;
		};
		D5AD5F591CA905C000C645B5 /* Resources */ = {
			isa = PBXResourcesBuildPhase;
			buildActionMask = 2147483647;
			files = (
			);
			runOnlyForDeploymentPostprocessing = 0;
		};
/* End PBXResourcesBuildPhase section */

/* Begin PBXSourcesBuildPhase section */
		D5AD5F331CA905C000C645B5 /* Sources */ = {
			isa = PBXSourcesBuildPhase;
			buildActionMask = 2147483647;
			files = (
				D5AD5F421CA905C000C645B5 /* ViewController.m in Sources */,
				D5AD5F3F1CA905C000C645B5 /* AppDelegate.m in Sources */,
				D5AD5F3C1CA905C000C645B5 /* main.m in Sources */,
			);
			runOnlyForDeploymentPostprocessing = 0;
		};
		D5AD5F4C1CA905C000C645B5 /* Sources */ = {
			isa = PBXSourcesBuildPhase;
			buildActionMask = 2147483647;
			files = (
				D5AD5F551CA905C000C645B5 /* _0160328002_Quartz2D_CaputureTests.m in Sources */,
			);
			runOnlyForDeploymentPostprocessing = 0;
		};
		D5AD5F571CA905C000C645B5 /* Sources */ = {
			isa = PBXSourcesBuildPhase;
			buildActionMask = 2147483647;
			files = (
				D5AD5F601CA905C000C645B5 /* _0160328002_Quartz2D_CaputureUITests.m in Sources */,
			);
			runOnlyForDeploymentPostprocessing = 0;
		};
/* End PBXSourcesBuildPhase section */

/* Begin PBXTargetDependency section */
		D5AD5F521CA905C000C645B5 /* PBXTargetDependency */ = {
			isa = PBXTargetDependency;
			target = D5AD5F361CA905C000C645B5 /* 20160328002-Quartz2D-Caputure */;
			targetProxy = D5AD5F511CA905C000C645B5 /* PBXContainerItemProxy */;
		};
		D5AD5F5D1CA905C000C645B5 /* PBXTargetDependency */ = {
			isa = PBXTargetDependency;
			target = D5AD5F361CA905C000C645B5 /* 20160328002-Quartz2D-Caputure */;
			targetProxy = D5AD5F5C1CA905C000C645B5 /* PBXContainerItemProxy */;
		};
/* End PBXTargetDependency section */

/* Begin PBXVariantGroup section */
		D5AD5F431CA905C000C645B5 /* Main.storyboard */ = {
			isa = PBXVariantGroup;
			children = (
				D5AD5F441CA905C000C645B5 /* Base */,
			);
			name = Main.storyboard;
			sourceTree = "<group>";
		};
		D5AD5F481CA905C000C645B5 /* LaunchScreen.storyboard */ = {
			isa = PBXVariantGroup;
			children = (
				D5AD5F491CA905C000C645B5 /* Base */,
			);
			name = LaunchScreen.storyboard;
			sourceTree = "<group>";
		};
/* End PBXVariantGroup section */

/* Begin XCBuildConfiguration section */
		D5AD5F621CA905C000C645B5 /* Debug */ = {
			isa = XCBuildConfiguration;
			buildSettings = {
				ALWAYS_SEARCH_USER_PATHS = NO;
				CLANG_ANALYZER_NONNULL = YES;
				CLANG_CXX_LANGUAGE_STANDARD = "gnu++0x";
				CLANG_CXX_LIBRARY = "libc++";
				CLANG_ENABLE_MODULES = YES;
				CLANG_ENABLE_OBJC_ARC = YES;
				CLANG_WARN_BOOL_CONVERSION = YES;
				CLANG_WARN_CONSTANT_CONVERSION = YES;
				CLANG_WARN_DIRECT_OBJC_ISA_USAGE = YES_ERROR;
				CLANG_WARN_EMPTY_BODY = YES;
				CLANG_WARN_ENUM_CONVERSION = YES;
				CLANG_WARN_INT_CONVERSION = YES;
				CLANG_WARN_OBJC_ROOT_CLASS = YES_ERROR;
				CLANG_WARN_UNREACHABLE_CODE = YES;
				CLANG_WARN__DUPLICATE_METHOD_MATCH = YES;
				"CODE_SIGN_IDENTITY[sdk=iphoneos*]" = "iPhone Developer";
				COPY_PHASE_STRIP = NO;
				DEBUG_INFORMATION_FORMAT = dwarf;
				ENABLE_STRICT_OBJC_MSGSEND = YES;
				ENABLE_TESTABILITY = YES;
				GCC_C_LANGUAGE_STANDARD = gnu99;
				GCC_DYNAMIC_NO_PIC = NO;
				GCC_NO_COMMON_BLOCKS = YES;
				GCC_OPTIMIZATION_LEVEL = 0;
				GCC_PREPROCESSOR_DEFINITIONS = (
					"DEBUG=1",
					"$(inherited)",
				);
				GCC_WARN_64_TO_32_BIT_CONVERSION = YES;
				GCC_WARN_ABOUT_RETURN_TYPE = YES_ERROR;
				GCC_WARN_UNDECLARED_SELECTOR = YES;
				GCC_WARN_UNINITIALIZED_AUTOS = YES_AGGRESSIVE;
				GCC_WARN_UNUSED_FUNCTION = YES;
				GCC_WARN_UNUSED_VARIABLE = YES;
				IPHONEOS_DEPLOYMENT_TARGET = 9.3;
				MTL_ENABLE_DEBUG_INFO = YES;
				ONLY_ACTIVE_ARCH = YES;
				SDKROOT = iphoneos;
			};
			name = Debug;
		};
		D5AD5F631CA905C000C645B5 /* Release */ = {
			isa = XCBuildConfiguration;
			buildSettings = {
				ALWAYS_SEARCH_USER_PATHS = NO;
				CLANG_ANALYZER_NONNULL = YES;
				CLANG_CXX_LANGUAGE_STANDARD = "gnu++0x";
				CLANG_CXX_LIBRARY = "libc++";
				CLANG_ENABLE_MODULES = YES;
				CLANG_ENABLE_OBJC_ARC = YES;
				CLANG_WARN_BOOL_CONVERSION = YES;
				CLANG_WARN_CONSTANT_CONVERSION = YES;
				CLANG_WARN_DIRECT_OBJC_ISA_USAGE = YES_ERROR;
				CLANG_WARN_EMPTY_BODY = YES;
				CLANG_WARN_ENUM_CONVERSION = YES;
				CLANG_WARN_INT_CONVERSION = YES;
				CLANG_WARN_OBJC_ROOT_CLASS = YES_ERROR;
				CLANG_WARN_UNREACHABLE_CODE = YES;
				CLANG_WARN__DUPLICATE_METHOD_MATCH = YES;
				"CODE_SIGN_IDENTITY[sdk=iphoneos*]" = "iPhone Developer";
				COPY_PHASE_STRIP = NO;
				DEBUG_INFORMATION_FORMAT = "dwarf-with-dsym";
				ENABLE_NS_ASSERTIONS = NO;
				ENABLE_STRICT_OBJC_MSGSEND = YES;
				GCC_C_LANGUAGE_STANDARD = gnu99;
				GCC_NO_COMMON_BLOCKS = YES;
				GCC_WARN_64_TO_32_BIT_CONVERSION = YES;
				GCC_WARN_ABOUT_RETURN_TYPE = YES_ERROR;
				GCC_WARN_UNDECLARED_SELECTOR = YES;
				GCC_WARN_UNINITIALIZED_AUTOS = YES_AGGRESSIVE;
				GCC_WARN_UNUSED_FUNCTION = YES;
				GCC_WARN_UNUSED_VARIABLE = YES;
				IPHONEOS_DEPLOYMENT_TARGET = 9.3;
				MTL_ENABLE_DEBUG_INFO = NO;
				SDKROOT = iphoneos;
				VALIDATE_PRODUCT = YES;
			};
			name = Release;
		};
		D5AD5F651CA905C000C645B5 /* Debug */ = {
			isa = XCBuildConfiguration;
			buildSettings = {
				ASSETCATALOG_COMPILER_APPICON_NAME = AppIcon;
				INFOPLIST_FILE = "20160328002-Quartz2D-Caputure/Info.plist";
				LD_RUNPATH_SEARCH_PATHS = "$(inherited) @executable_path/Frameworks";
				PRODUCT_BUNDLE_IDENTIFIER = "com.rainer.-0160328002-Quartz2D-Caputure";
				PRODUCT_NAME = "$(TARGET_NAME)";
			};
			name = Debug;
		};
		D5AD5F661CA905C000C645B5 /* Release */ = {
			isa = XCBuildConfiguration;
			buildSettings = {
				ASSETCATALOG_COMPILER_APPICON_NAME = AppIcon;
				INFOPLIST_FILE = "20160328002-Quartz2D-Caputure/Info.plist";
				LD_RUNPATH_SEARCH_PATHS = "$(inherited) @executable_path/Frameworks";
				PRODUCT_BUNDLE_IDENTIFIER = "com.rainer.-0160328002-Quartz2D-Caputure";
				PRODUCT_NAME = "$(TARGET_NAME)";
			};
			name = Release;
		};
		D5AD5F681CA905C000C645B5 /* Debug */ = {
			isa = XCBuildConfiguration;
			buildSettings = {
				BUNDLE_LOADER = "$(TEST_HOST)";
				INFOPLIST_FILE = "20160328002-Quartz2D-CaputureTests/Info.plist";
				LD_RUNPATH_SEARCH_PATHS = "$(inherited) @executable_path/Frameworks @loader_path/Frameworks";
				PRODUCT_BUNDLE_IDENTIFIER = "com.rainer.-0160328002-Quartz2D-CaputureTests";
				PRODUCT_NAME = "$(TARGET_NAME)";
				TEST_HOST = "$(BUILT_PRODUCTS_DIR)/20160328002-Quartz2D-Caputure.app/20160328002-Quartz2D-Caputure";
			};
			name = Debug;
		};
		D5AD5F691CA905C000C645B5 /* Release */ = {
			isa = XCBuildConfiguration;
			buildSettings = {
				BUNDLE_LOADER = "$(TEST_HOST)";
				INFOPLIST_FILE = "20160328002-Quartz2D-CaputureTests/Info.plist";
				LD_RUNPATH_SEARCH_PATHS = "$(inherited) @executable_path/Frameworks @loader_path/Frameworks";
				PRODUCT_BUNDLE_IDENTIFIER = "com.rainer.-0160328002-Quartz2D-CaputureTests";
				PRODUCT_NAME = "$(TARGET_NAME)";
				TEST_HOST = "$(BUILT_PRODUCTS_DIR)/20160328002-Quartz2D-Caputure.app/20160328002-Quartz2D-Caputure";
			};
			name = Release;
		};
		D5AD5F6B1CA905C000C645B5 /* Debug */ = {
			isa = XCBuildConfiguration;
			buildSettings = {
				INFOPLIST_FILE = "20160328002-Quartz2D-CaputureUITests/Info.plist";
				LD_RUNPATH_SEARCH_PATHS = "$(inherited) @executable_path/Frameworks @loader_path/Frameworks";
				PRODUCT_BUNDLE_IDENTIFIER = "com.rainer.-0160328002-Quartz2D-CaputureUITests";
				PRODUCT_NAME = "$(TARGET_NAME)";
				TEST_TARGET_NAME = "20160328002-Quartz2D-Caputure";
			};
			name = Debug;
		};
		D5AD5F6C1CA905C000C645B5 /* Release */ = {
			isa = XCBuildConfiguration;
			buildSettings = {
				INFOPLIST_FILE = "20160328002-Quartz2D-CaputureUITests/Info.plist";
				LD_RUNPATH_SEARCH_PATHS = "$(inherited) @executable_path/Frameworks @loader_path/Frameworks";
				PRODUCT_BUNDLE_IDENTIFIER = "com.rainer.-0160328002-Quartz2D-CaputureUITests";
				PRODUCT_NAME = "$(TARGET_NAME)";
				TEST_TARGET_NAME = "20160328002-Quartz2D-Caputure";
			};
			name = Release;
		};
/* End XCBuildConfiguration section */

/* Begin XCConfigurationList section */
		D5AD5F321CA905C000C645B5 /* Build configuration list for PBXProject "20160328002-Quartz2D-Caputure" */ = {
			isa = XCConfigurationList;
			buildConfigurations = (
				D5AD5F621CA905C000C645B5 /* Debug */,
				D5AD5F631CA905C000C645B5 /* Release */,
			);
			defaultConfigurationIsVisible = 0;
			defaultConfigurationName = Release;
		};
		D5AD5F641CA905C000C645B5 /* Build configuration list for PBXNativeTarget "20160328002-Quartz2D-Caputure" */ = {
			isa = XCConfigurationList;
			buildConfigurations = (
				D5AD5F651CA905C000C645B5 /* Debug */,
				D5AD5F661CA905C000C645B5 /* Release */,
			);
			defaultConfigurationIsVisible = 0;
		};
		D5AD5F671CA905C000C645B5 /* Build configuration list for PBXNativeTarget "20160328002-Quartz2D-CaputureTests" */ = {
			isa = XCConfigurationList;
			buildConfigurations = (
				D5AD5F681CA905C000C645B5 /* Debug */,
				D5AD5F691CA905C000C645B5 /* Release */,
			);
			defaultConfigurationIsVisible = 0;
		};
		D5AD5F6A1CA905C000C645B5 /* Build configuration list for PBXNativeTarget "20160328002-Quartz2D-CaputureUITests" */ = {
			isa = XCConfigurationList;
			buildConfigurations = (
				D5AD5F6B1CA905C000C645B5 /* Debug */,
				D5AD5F6C1CA905C000C645B5 /* Release */,
			);
			defaultConfigurationIsVisible = 0;
		};
/* End XCConfigurationList section */
	};
	rootObject = D5AD5F2F1CA905C000C645B5 /* Project object */;
}
